// !$*UTF8*$!
{
	archiveVersion = 1;
	classes = {
	};
	objectVersion = 46;
	objects = {

/* Begin PBXBuildFile section */
		F88127B11BBCE48100B6290C /* CanvasView.swift in Sources */ = {isa = PBXBuildFile; fileRef = F88127AD1BBCE48100B6290C /* CanvasView.swift */; };
		F88127B21BBCE48100B6290C /* Line.swift in Sources */ = {isa = PBXBuildFile; fileRef = F88127AE1BBCE48100B6290C /* Line.swift */; };
		F88127B31BBCE48100B6290C /* ReticleView.swift in Sources */ = {isa = PBXBuildFile; fileRef = F88127AF1BBCE48100B6290C /* ReticleView.swift */; };
		F88127B41BBCE48100B6290C /* ViewController.swift in Sources */ = {isa = PBXBuildFile; fileRef = F88127B01BBCE48100B6290C /* ViewController.swift */; };
		F8F8795C1BBA18F9009EF130 /* MasterViewController+UIViewControllerPreviewing.swift in Sources */ = {isa = PBXBuildFile; fileRef = F8F8795B1BBA18F9009EF130 /* MasterViewController+UIViewControllerPreviewing.swift */; };
		F8FB196C1BB7861A00DC8EDE /* AppDelegate.swift in Sources */ = {isa = PBXBuildFile; fileRef = F8FB196B1BB7861A00DC8EDE /* AppDelegate.swift */; };
		F8FB196E1BB7861A00DC8EDE /* MasterViewController.swift in Sources */ = {isa = PBXBuildFile; fileRef = F8FB196D1BB7861A00DC8EDE /* MasterViewController.swift */; };
		F8FB19701BB7861A00DC8EDE /* DetailViewController.swift in Sources */ = {isa = PBXBuildFile; fileRef = F8FB196F1BB7861A00DC8EDE /* DetailViewController.swift */; };
		F8FB19731BB7861A00DC8EDE /* Main.storyboard in Resources */ = {isa = PBXBuildFile; fileRef = F8FB19711BB7861A00DC8EDE /* Main.storyboard */; };
		F8FB19751BB7861A00DC8EDE /* Assets.xcassets in Resources */ = {isa = PBXBuildFile; fileRef = F8FB19741BB7861A00DC8EDE /* Assets.xcassets */; };
		F8FB19781BB7861A00DC8EDE /* LaunchScreen.storyboard in Resources */ = {isa = PBXBuildFile; fileRef = F8FB19761BB7861A00DC8EDE /* LaunchScreen.storyboard */; };
/* End PBXBuildFile section */

/* Begin PBXFileReference section */
		F863CC801BBCB125009F0D0C /* README.md */ = {isa = PBXFileReference; lastKnownFileType = net.daringfireball.markdown; path = README.md; sourceTree = "<group>"; };
		F88127AD1BBCE48100B6290C /* CanvasView.swift */ = {isa = PBXFileReference; fileEncoding = 4; lastKnownFileType = sourcecode.swift; name = CanvasView.swift; path = TouchCanvas/CanvasView.swift; sourceTree = "<group>"; };
		F88127AE1BBCE48100B6290C /* Line.swift */ = {isa = PBXFileReference; fileEncoding = 4; lastKnownFileType = sourcecode.swift; name = Line.swift; path = TouchCanvas/Line.swift; sourceTree = "<group>"; };
		F88127AF1BBCE48100B6290C /* ReticleView.swift */ = {isa = PBXFileReference; fileEncoding = 4; lastKnownFileType = sourcecode.swift; name = ReticleView.swift; path = TouchCanvas/ReticleView.swift; sourceTree = "<group>"; };
		F88127B01BBCE48100B6290C /* ViewController.swift */ = {isa = PBXFileReference; fileEncoding = 4; lastKnownFileType = sourcecode.swift; name = ViewController.swift; path = TouchCanvas/ViewController.swift; sourceTree = "<group>"; };
		F8F8795B1BBA18F9009EF130 /* MasterViewController+UIViewControllerPreviewing.swift */ = {isa = PBXFileReference; fileEncoding = 4; lastKnownFileType = sourcecode.swift; path = "MasterViewController+UIViewControllerPreviewing.swift"; sourceTree = "<group>"; };
		F8FB19681BB7861A00DC8EDE /* 3DTouchDemo.app */ = {isa = PBXFileReference; explicitFileType = wrapper.application; includeInIndex = 0; path = 3DTouchDemo.app; sourceTree = BUILT_PRODUCTS_DIR; };
		F8FB196B1BB7861A00DC8EDE /* AppDelegate.swift */ = {isa = PBXFileReference; lastKnownFileType = sourcecode.swift; path = AppDelegate.swift; sourceTree = "<group>"; };
		F8FB196D1BB7861A00DC8EDE /* MasterViewController.swift */ = {isa = PBXFileReference; lastKnownFileType = sourcecode.swift; path = MasterViewController.swift; sourceTree = "<group>"; };
		F8FB196F1BB7861A00DC8EDE /* DetailViewController.swift */ = {isa = PBXFileReference; lastKnownFileType = sourcecode.swift; path = DetailViewController.swift; sourceTree = "<group>"; };
		F8FB19721BB7861A00DC8EDE /* Base */ = {isa = PBXFileReference; lastKnownFileType = file.storyboard; name = Base; path = Base.lproj/Main.storyboard; sourceTree = "<group>"; };
		F8FB19741BB7861A00DC8EDE /* Assets.xcassets */ = {isa = PBXFileReference; lastKnownFileType = folder.assetcatalog; path = Assets.xcassets; sourceTree = "<group>"; };
		F8FB19771BB7861A00DC8EDE /* Base */ = {isa = PBXFileReference; lastKnownFileType = file.storyboard; name = Base; path = Base.lproj/LaunchScreen.storyboard; sourceTree = "<group>"; };
		F8FB19791BB7861A00DC8EDE /* Info.plist */ = {isa = PBXFileReference; lastKnownFileType = text.plist.xml; path = Info.plist; sourceTree = "<group>"; };
/* End PBXFileReference section */

/* Begin PBXFrameworksBuildPhase section */
		F8FB19651BB7861A00DC8EDE /* Frameworks */ = {
			isa = PBXFrameworksBuildPhase;
			buildActionMask = 2147483647;
			files = (
			);
			runOnlyForDeploymentPostprocessing = 0;
		};
/* End PBXFrameworksBuildPhase section */

/* Begin PBXGroup section */
		F88127A41BBCE3FF00B6290C /* TouchCanvas */ = {
			isa = PBXGroup;
			children = (
				F88127AD1BBCE48100B6290C /* CanvasView.swift */,
				F88127AE1BBCE48100B6290C /* Line.swift */,
				F88127AF1BBCE48100B6290C /* ReticleView.swift */,
				F88127B01BBCE48100B6290C /* ViewController.swift */,
			);
			path = TouchCanvas;
			sourceTree = "<group>";
		};
		F8FB195F1BB7861A00DC8EDE = {
			isa = PBXGroup;
			children = (
				F863CC801BBCB125009F0D0C /* README.md */,
				F8FB196A1BB7861A00DC8EDE /* 3DTouchDemo */,
				F8FB19691BB7861A00DC8EDE /* Products */,
			);
			sourceTree = "<group>";
		};
		F8FB19691BB7861A00DC8EDE /* Products */ = {
			isa = PBXGroup;
			children = (
				F8FB19681BB7861A00DC8EDE /* 3DTouchDemo.app */,
			);
			name = Products;
			sourceTree = "<group>";
		};
		F8FB196A1BB7861A00DC8EDE /* 3DTouchDemo */ = {
			isa = PBXGroup;
			children = (
				F8FB196B1BB7861A00DC8EDE /* AppDelegate.swift */,
				F8FB196D1BB7861A00DC8EDE /* MasterViewController.swift */,
				F8F8795B1BBA18F9009EF130 /* MasterViewController+UIViewControllerPreviewing.swift */,
				F8FB196F1BB7861A00DC8EDE /* DetailViewController.swift */,
				F8FB19711BB7861A00DC8EDE /* Main.storyboard */,
				F8FB19741BB7861A00DC8EDE /* Assets.xcassets */,
				F8FB19761BB7861A00DC8EDE /* LaunchScreen.storyboard */,
				F8FB19791BB7861A00DC8EDE /* Info.plist */,
				F88127A41BBCE3FF00B6290C /* TouchCanvas */,
			);
			path = 3DTouchDemo;
			sourceTree = "<group>";
		};
/* End PBXGroup section */

/* Begin PBXNativeTarget section */
		F8FB19671BB7861A00DC8EDE /* 3DTouchDemo */ = {
			isa = PBXNativeTarget;
			buildConfigurationList = F8FB197C1BB7861A00DC8EDE /* Build configuration list for PBXNativeTarget "3DTouchDemo" */;
			buildPhases = (
				F8FB19641BB7861A00DC8EDE /* Sources */,
				F8FB19651BB7861A00DC8EDE /* Frameworks */,
				F8FB19661BB7861A00DC8EDE /* Resources */,
			);
			buildRules = (
			);
			dependencies = (
			);
			name = 3DTouchDemo;
			productName = 3DTouchDemo;
			productReference = F8FB19681BB7861A00DC8EDE /* 3DTouchDemo.app */;
			productType = "com.apple.product-type.application";
		};
/* End PBXNativeTarget section */

/* Begin PBXProject section */
		F8FB19601BB7861A00DC8EDE /* Project object */ = {
			isa = PBXProject;
			attributes = {
				LastUpgradeCheck = 0700;
				ORGANIZATIONNAME = "Ben Chatelain";
				TargetAttributes = {
					F8FB19671BB7861A00DC8EDE = {
						CreatedOnToolsVersion = 7.0;
					};
				};
			};
			buildConfigurationList = F8FB19631BB7861A00DC8EDE /* Build configuration list for PBXProject "3DTouchDemo" */;
			compatibilityVersion = "Xcode 3.2";
			developmentRegion = English;
			hasScannedForEncodings = 0;
			knownRegions = (
				en,
				Base,
			);
			mainGroup = F8FB195F1BB7861A00DC8EDE;
			productRefGroup = F8FB19691BB7861A00DC8EDE /* Products */;
			projectDirPath = "";
			projectRoot = "";
			targets = (
				F8FB19671BB7861A00DC8EDE /* 3DTouchDemo */,
			);
		};
/* End PBXProject section */

/* Begin PBXResourcesBuildPhase section */
		F8FB19661BB7861A00DC8EDE /* Resources */ = {
			isa = PBXResourcesBuildPhase;
			buildActionMask = 2147483647;
			files = (
				F8FB19781BB7861A00DC8EDE /* LaunchScreen.storyboard in Resources */,
				F8FB19751BB7861A00DC8EDE /* Assets.xcassets in Resources */,
				F8FB19731BB7861A00DC8EDE /* Main.storyboard in Resources */,
			);
			runOnlyForDeploymentPostprocessing = 0;
		};
/* End PBXResourcesBuildPhase section */

/* Begin PBXSourcesBuildPhase section */
		F8FB19641BB7861A00DC8EDE /* Sources */ = {
			isa = PBXSourcesBuildPhase;
			buildActionMask = 2147483647;
			files = (
				F8FB19701BB7861A00DC8EDE /* DetailViewController.swift in Sources */,
				F8FB196E1BB7861A00DC8EDE /* MasterViewController.swift in Sources */,
				F88127B11BBCE48100B6290C /* CanvasView.swift in Sources */,
				F88127B21BBCE48100B6290C /* Line.swift in Sources */,
				F8FB196C1BB7861A00DC8EDE /* AppDelegate.swift in Sources */,
				F8F8795C1BBA18F9009EF130 /* MasterViewController+UIViewControllerPreviewing.swift in Sources */,
				F88127B41BBCE48100B6290C /* ViewController.swift in Sources */,
				F88127B31BBCE48100B6290C /* ReticleView.swift in Sources */,
			);
			runOnlyForDeploymentPostprocessing = 0;
		};
/* End PBXSourcesBuildPhase section */

/* Begin PBXVariantGroup section */
		F8FB19711BB7861A00DC8EDE /* Main.storyboard */ = {
			isa = PBXVariantGroup;
			children = (
				F8FB19721BB7861A00DC8EDE /* Base */,
			);
			name = Main.storyboard;
			sourceTree = "<group>";
		};
		F8FB19761BB7861A00DC8EDE /* LaunchScreen.storyboard */ = {
			isa = PBXVariantGroup;
			children = (
				F8FB19771BB7861A00DC8EDE /* Base */,
			);
			name = LaunchScreen.storyboard;
			sourceTree = "<group>";
		};
/* End PBXVariantGroup section */

/* Begin XCBuildConfiguration section */
		F8FB197A1BB7861A00DC8EDE /* Debug */ = {
			isa = XCBuildConfiguration;
			buildSettings = {
				ALWAYS_SEARCH_USER_PATHS = NO;
				CLANG_CXX_LANGUAGE_STANDARD = "gnu++0x";
				CLANG_CXX_LIBRARY = "libc++";
				CLANG_ENABLE_MODULES = YES;
				CLANG_ENABLE_OBJC_ARC = YES;
				CLANG_WARN_BOOL_CONVERSION = YES;
				CLANG_WARN_CONSTANT_CONVERSION = YES;
				CLANG_WARN_DIRECT_OBJC_ISA_USAGE = YES_ERROR;
				CLANG_WARN_EMPTY_BODY = YES;
				CLANG_WARN_ENUM_CONVERSION = YES;
				CLANG_WARN_INT_CONVERSION = YES;
				CLANG_WARN_OBJC_ROOT_CLASS = YES_ERROR;
				CLANG_WARN_UNREACHABLE_CODE = YES;
				CLANG_WARN__DUPLICATE_METHOD_MATCH = YES;
				"CODE_SIGN_IDENTITY[sdk=iphoneos*]" = "iPhone Developer";
				COPY_PHASE_STRIP = NO;
				DEBUG_INFORMATION_FORMAT = dwarf;
				ENABLE_STRICT_OBJC_MSGSEND = YES;
				ENABLE_TESTABILITY = YES;
				GCC_C_LANGUAGE_STANDARD = gnu99;
				GCC_DYNAMIC_NO_PIC = NO;
				GCC_NO_COMMON_BLOCKS = YES;
				GCC_OPTIMIZATION_LEVEL = 0;
				GCC_PREPROCESSOR_DEFINITIONS = (
					"DEBUG=1",
					"$(inherited)",
				);
				GCC_WARN_64_TO_32_BIT_CONVERSION = YES;
				GCC_WARN_ABOUT_RETURN_TYPE = YES_ERROR;
				GCC_WARN_UNDECLARED_SELECTOR = YES;
				GCC_WARN_UNINITIALIZED_AUTOS = YES_AGGRESSIVE;
				GCC_WARN_UNUSED_FUNCTION = YES;
				GCC_WARN_UNUSED_VARIABLE = YES;
				IPHONEOS_DEPLOYMENT_TARGET = 8.0;
				MTL_ENABLE_DEBUG_INFO = YES;
				ONLY_ACTIVE_ARCH = YES;
				SDKROOT = iphoneos;
				SWIFT_OPTIMIZATION_LEVEL = "-Onone";
				TARGETED_DEVICE_FAMILY = "1,2";
			};
			name = Debug;
		};
		F8FB197B1BB7861A00DC8EDE /* Release */ = {
			isa = XCBuildConfiguration;
			buildSettings = {
				ALWAYS_SEARCH_USER_PATHS = NO;
				CLANG_CXX_LANGUAGE_STANDARD = "gnu++0x";
				CLANG_CXX_LIBRARY = "libc++";
				CLANG_ENABLE_MODULES = YES;
				CLANG_ENABLE_OBJC_ARC = YES;
				CLANG_WARN_BOOL_CONVERSION = YES;
				CLANG_WARN_CONSTANT_CONVERSION = YES;
				CLANG_WARN_DIRECT_OBJC_ISA_USAGE = YES_ERROR;
				CLANG_WARN_EMPTY_BODY = YES;
				CLANG_WARN_ENUM_CONVERSION = YES;
				CLANG_WARN_INT_CONVERSION = YES;
				CLANG_WARN_OBJC_ROOT_CLASS = YES_ERROR;
				CLANG_WARN_UNREACHABLE_CODE = YES;
				CLANG_WARN__DUPLICATE_METHOD_MATCH = YES;
				"CODE_SIGN_IDENTITY[sdk=iphoneos*]" = "iPhone Developer";
				COPY_PHASE_STRIP = NO;
				DEBUG_INFORMATION_FORMAT = "dwarf-with-dsym";
				ENABLE_NS_ASSERTIONS = NO;
				ENABLE_STRICT_OBJC_MSGSEND = YES;
				GCC_C_LANGUAGE_STANDARD = gnu99;
				GCC_NO_COMMON_BLOCKS = YES;
				GCC_WARN_64_TO_32_BIT_CONVERSION = YES;
				GCC_WARN_ABOUT_RETURN_TYPE = YES_ERROR;
				GCC_WARN_UNDECLARED_SELECTOR = YES;
				GCC_WARN_UNINITIALIZED_AUTOS = YES_AGGRESSIVE;
				GCC_WARN_UNUSED_FUNCTION = YES;
				GCC_WARN_UNUSED_VARIABLE = YES;
				IPHONEOS_DEPLOYMENT_TARGET = 8.0;
				MTL_ENABLE_DEBUG_INFO = NO;
				SDKROOT = iphoneos;
				TARGETED_DEVICE_FAMILY = "1,2";
				VALIDATE_PRODUCT = YES;
			};
			name = Release;
		};
		F8FB197D1BB7861A00DC8EDE /* Debug */ = {
			isa = XCBuildConfiguration;
			buildSettings = {
				ASSETCATALOG_COMPILER_APPICON_NAME = AppIcon;
				INFOPLIST_FILE = 3DTouchDemo/Info.plist;
				LD_RUNPATH_SEARCH_PATHS = "$(inherited) @executable_path/Frameworks";
				PRODUCT_BUNDLE_IDENTIFIER = "com.phatblat.-DTouchDemo";
				PRODUCT_NAME = "$(TARGET_NAME)";
			};
			name = Debug;
		};
		F8FB197E1BB7861A00DC8EDE /* Release */ = {
			isa = XCBuildConfiguration;
			buildSettings = {
				ASSETCATALOG_COMPILER_APPICON_NAME = AppIcon;
				INFOPLIST_FILE = 3DTouchDemo/Info.plist;
				LD_RUNPATH_SEARCH_PATHS = "$(inherited) @executable_path/Frameworks";
				PRODUCT_BUNDLE_IDENTIFIER = "com.phatblat.-DTouchDemo";
				PRODUCT_NAME = "$(TARGET_NAME)";
			};
			name = Release;
		};
/* End XCBuildConfiguration section */

/* Begin XCConfigurationList section */
		F8FB19631BB7861A00DC8EDE /* Build configuration list for PBXProject "3DTouchDemo" */ = {
			isa = XCConfigurationList;
			buildConfigurations = (
				F8FB197A1BB7861A00DC8EDE /* Debug */,
				F8FB197B1BB7861A00DC8EDE /* Release */,
			);
			defaultConfigurationIsVisible = 0;
			defaultConfigurationName = Release;
		};
		F8FB197C1BB7861A00DC8EDE /* Build configuration list for PBXNativeTarget "3DTouchDemo" */ = {
			isa = XCConfigurationList;
			buildConfigurations = (
				F8FB197D1BB7861A00DC8EDE /* Debug */,
				F8FB197E1BB7861A00DC8EDE /* Release */,
			);
			defaultConfigurationIsVisible = 0;
			defaultConfigurationName = Release;
		};
/* End XCConfigurationList section */
	};
	rootObject = F8FB19601BB7861A00DC8EDE /* Project object */;
}
